
Microsoft Visual Studio Solution File, Format Version 12.00
# Visual Studio Version 16
VisualStudioVersion = 16.0.30114.128
MinimumVisualStudioVersion = 10.0.40219.1
Project("{FAE04EC0-301F-11D3-BF4B-00C04F79EFBC}") = "ML.NET.Tutorial", "ML.NET.Tutorial\ML.NET.Tutorial.csproj", "{B9F2BD88-C106-4D0B-AC08-9D7CACED2754}"
EndProject
Global
	GlobalSection(SolutionConfigurationPlatforms) = preSolution
		Debug|Any CPU = Debug|Any CPU
		Release|Any CPU = Release|Any CPU
	EndGlobalSection
	GlobalSection(ProjectConfigurationPlatforms) = postSolution
		{B9F2BD88-C106-4D0B-AC08-9D7CACED2754}.Debug|Any CPU.ActiveCfg = Debug|Any CPU
		{B9F2BD88-C106-4D0B-AC08-9D7CACED2754}.Debug|Any CPU.Build.0 = Debug|Any CPU
		{B9F2BD88-C106-4D0B-AC08-9D7CACED2754}.Release|Any CPU.ActiveCfg = Release|Any CPU
		{B9F2BD88-C106-4D0B-AC08-9D7CACED2754}.Release|Any CPU.Build.0 = Release|Any CPU
	EndGlobalSection
	GlobalSection(SolutionProperties) = preSolution
		HideSolutionNode = FALSE
	EndGlobalSection
	GlobalSection(ExtensibilityGlobals) = postSolution
		SolutionGuid = {45DBD19F-97A2-4BDA-86C6-0FE4EE9EB7DB}
	EndGlobalSection
EndGlobal
